
Microsoft Visual Studio Solution File, Format Version 12.00
# Visual Studio Version 17
VisualStudioVersion = 17.0.31606.5
MinimumVisualStudioVersion = 10.0.40219.1
Project("{9A19103F-16F7-4668-BE54-9A1E7A4F7556}") = "App", "SourceCode\App\App.csproj", "{BA2CA2BE-3016-43F0-AC64-2C19C69F389A}"
EndProject
Project("{9A19103F-16F7-4668-BE54-9A1E7A4F7556}") = "Data", "SourceCode\Data\Data.csproj", "{338C01FD-9D16-46A9-8327-CF825CD8CF82}"
EndProject
Project("{9A19103F-16F7-4668-BE54-9A1E7A4F7556}") = "Services", "SourceCode\Services\Services.csproj", "{6AD8E781-90D7-4F82-99AA-5930C7217971}"
EndProject
Project("{2150E333-8FDC-42A3-9474-1A3956D46DE8}") = "Solution Items", "Solution Items", "{5941055C-D2E9-4640-A78B-C5B349AE6F84}"
	ProjectSection(SolutionItems) = preProject
		.editorconfig = .editorconfig
		CONTRIBUTING.md = CONTRIBUTING.md
		Directory.Build.props = Directory.Build.props
		global.json = global.json
		NET-development.md = NET-development.md
		NET-development.sv.md = NET-development.sv.md
		README.md = README.md
		RELEASENOTES.md = RELEASENOTES.md
	EndProjectSection
EndProject
Project("{9A19103F-16F7-4668-BE54-9A1E7A4F7556}") = "Services.Tests", "TestCode\Services.Tests\Services.Tests.csproj", "{45A1B422-6765-4169-9083-580C89E1E59B}"
EndProject
Project("{9A19103F-16F7-4668-BE54-9A1E7A4F7556}") = "Data.Api", "SourceCode\Data.Api\Data.Api.csproj", "{6397D024-FED8-4979-B4C7-B5676D5200BF}"
EndProject
Project("{00D1A9C2-B5F0-4AF3-8072-F6C62B433612}") = "Database", "SourceCode\Database\Database.sqlproj", "{4A4992F4-A2FE-42AC-A2A8-8218900C5966}"
EndProject
Project("{2150E333-8FDC-42A3-9474-1A3956D46DE8}") = "System design documents", "System design documents", "{00E89979-CC4B-4FDE-9677-27BE19105636}"
	ProjectSection(SolutionItems) = preProject
		System Design Documents\Creations of waybills.md = System Design Documents\Creations of waybills.md
		System Design Documents\Overview.md = System Design Documents\Overview.md
		Security.md = Security.md
		System Design Documents\WiFredThrottles.md = System Design Documents\WiFredThrottles.md
	EndProjectSection
EndProject
Project("{9A19103F-16F7-4668-BE54-9A1E7A4F7556}") = "Data.Tests", "TestCode\Data.Tests\Data.Tests.csproj", "{14B9D422-7E9A-4DFC-9B23-A6E916177590}"
EndProject
Global
	GlobalSection(SolutionConfigurationPlatforms) = preSolution
		Debug|Any CPU = Debug|Any CPU
		Debug|x64 = Debug|x64
		Release|Any CPU = Release|Any CPU
		Release|x64 = Release|x64
	EndGlobalSection
	GlobalSection(ProjectConfigurationPlatforms) = postSolution
		{BA2CA2BE-3016-43F0-AC64-2C19C69F389A}.Debug|Any CPU.ActiveCfg = Debug|Any CPU
		{BA2CA2BE-3016-43F0-AC64-2C19C69F389A}.Debug|Any CPU.Build.0 = Debug|Any CPU
		{BA2CA2BE-3016-43F0-AC64-2C19C69F389A}.Debug|x64.ActiveCfg = Debug|x64
		{BA2CA2BE-3016-43F0-AC64-2C19C69F389A}.Debug|x64.Build.0 = Debug|x64
		{BA2CA2BE-3016-43F0-AC64-2C19C69F389A}.Release|Any CPU.ActiveCfg = Release|Any CPU
		{BA2CA2BE-3016-43F0-AC64-2C19C69F389A}.Release|Any CPU.Build.0 = Release|Any CPU
		{BA2CA2BE-3016-43F0-AC64-2C19C69F389A}.Release|x64.ActiveCfg = Release|x64
		{BA2CA2BE-3016-43F0-AC64-2C19C69F389A}.Release|x64.Build.0 = Release|x64
		{338C01FD-9D16-46A9-8327-CF825CD8CF82}.Debug|Any CPU.ActiveCfg = Debug|Any CPU
		{338C01FD-9D16-46A9-8327-CF825CD8CF82}.Debug|Any CPU.Build.0 = Debug|Any CPU
		{338C01FD-9D16-46A9-8327-CF825CD8CF82}.Debug|x64.ActiveCfg = Debug|x64
		{338C01FD-9D16-46A9-8327-CF825CD8CF82}.Debug|x64.Build.0 = Debug|x64
		{338C01FD-9D16-46A9-8327-CF825CD8CF82}.Release|Any CPU.ActiveCfg = Release|Any CPU
		{338C01FD-9D16-46A9-8327-CF825CD8CF82}.Release|Any CPU.Build.0 = Release|Any CPU
		{338C01FD-9D16-46A9-8327-CF825CD8CF82}.Release|x64.ActiveCfg = Release|x64
		{338C01FD-9D16-46A9-8327-CF825CD8CF82}.Release|x64.Build.0 = Release|x64
		{6AD8E781-90D7-4F82-99AA-5930C7217971}.Debug|Any CPU.ActiveCfg = Debug|Any CPU
		{6AD8E781-90D7-4F82-99AA-5930C7217971}.Debug|Any CPU.Build.0 = Debug|Any CPU
		{6AD8E781-90D7-4F82-99AA-5930C7217971}.Debug|x64.ActiveCfg = Debug|x64
		{6AD8E781-90D7-4F82-99AA-5930C7217971}.Debug|x64.Build.0 = Debug|x64
		{6AD8E781-90D7-4F82-99AA-5930C7217971}.Release|Any CPU.ActiveCfg = Release|Any CPU
		{6AD8E781-90D7-4F82-99AA-5930C7217971}.Release|Any CPU.Build.0 = Release|Any CPU
		{6AD8E781-90D7-4F82-99AA-5930C7217971}.Release|x64.ActiveCfg = Release|x64
		{6AD8E781-90D7-4F82-99AA-5930C7217971}.Release|x64.Build.0 = Release|x64
		{45A1B422-6765-4169-9083-580C89E1E59B}.Debug|Any CPU.ActiveCfg = Debug|Any CPU
		{45A1B422-6765-4169-9083-580C89E1E59B}.Debug|Any CPU.Build.0 = Debug|Any CPU
		{45A1B422-6765-4169-9083-580C89E1E59B}.Debug|x64.ActiveCfg = Debug|x64
		{45A1B422-6765-4169-9083-580C89E1E59B}.Debug|x64.Build.0 = Debug|x64
		{45A1B422-6765-4169-9083-580C89E1E59B}.Release|Any CPU.ActiveCfg = Release|Any CPU
		{45A1B422-6765-4169-9083-580C89E1E59B}.Release|Any CPU.Build.0 = Release|Any CPU
		{45A1B422-6765-4169-9083-580C89E1E59B}.Release|x64.ActiveCfg = Release|x64
		{45A1B422-6765-4169-9083-580C89E1E59B}.Release|x64.Build.0 = Release|x64
		{6397D024-FED8-4979-B4C7-B5676D5200BF}.Debug|Any CPU.ActiveCfg = Debug|Any CPU
		{6397D024-FED8-4979-B4C7-B5676D5200BF}.Debug|Any CPU.Build.0 = Debug|Any CPU
		{6397D024-FED8-4979-B4C7-B5676D5200BF}.Debug|x64.ActiveCfg = Debug|Any CPU
		{6397D024-FED8-4979-B4C7-B5676D5200BF}.Debug|x64.Build.0 = Debug|Any CPU
		{6397D024-FED8-4979-B4C7-B5676D5200BF}.Release|Any CPU.ActiveCfg = Release|Any CPU
		{6397D024-FED8-4979-B4C7-B5676D5200BF}.Release|Any CPU.Build.0 = Release|Any CPU
		{6397D024-FED8-4979-B4C7-B5676D5200BF}.Release|x64.ActiveCfg = Release|Any CPU
		{6397D024-FED8-4979-B4C7-B5676D5200BF}.Release|x64.Build.0 = Release|Any CPU
		{4A4992F4-A2FE-42AC-A2A8-8218900C5966}.Debug|Any CPU.ActiveCfg = Debug|Any CPU
		{4A4992F4-A2FE-42AC-A2A8-8218900C5966}.Debug|Any CPU.Build.0 = Debug|Any CPU
		{4A4992F4-A2FE-42AC-A2A8-8218900C5966}.Debug|Any CPU.Deploy.0 = Debug|Any CPU
		{4A4992F4-A2FE-42AC-A2A8-8218900C5966}.Debug|x64.ActiveCfg = Debug|Any CPU
		{4A4992F4-A2FE-42AC-A2A8-8218900C5966}.Debug|x64.Build.0 = Debug|Any CPU
		{4A4992F4-A2FE-42AC-A2A8-8218900C5966}.Debug|x64.Deploy.0 = Debug|Any CPU
		{4A4992F4-A2FE-42AC-A2A8-8218900C5966}.Release|Any CPU.ActiveCfg = Release|Any CPU
		{4A4992F4-A2FE-42AC-A2A8-8218900C5966}.Release|Any CPU.Build.0 = Release|Any CPU
		{4A4992F4-A2FE-42AC-A2A8-8218900C5966}.Release|Any CPU.Deploy.0 = Release|Any CPU
		{4A4992F4-A2FE-42AC-A2A8-8218900C5966}.Release|x64.ActiveCfg = Release|Any CPU
		{4A4992F4-A2FE-42AC-A2A8-8218900C5966}.Release|x64.Build.0 = Release|Any CPU
		{4A4992F4-A2FE-42AC-A2A8-8218900C5966}.Release|x64.Deploy.0 = Release|Any CPU
		{14B9D422-7E9A-4DFC-9B23-A6E916177590}.Debug|Any CPU.ActiveCfg = Debug|Any CPU
		{14B9D422-7E9A-4DFC-9B23-A6E916177590}.Debug|Any CPU.Build.0 = Debug|Any CPU
		{14B9D422-7E9A-4DFC-9B23-A6E916177590}.Debug|x64.ActiveCfg = Debug|Any CPU
		{14B9D422-7E9A-4DFC-9B23-A6E916177590}.Debug|x64.Build.0 = Debug|Any CPU
		{14B9D422-7E9A-4DFC-9B23-A6E916177590}.Release|Any CPU.ActiveCfg = Release|Any CPU
		{14B9D422-7E9A-4DFC-9B23-A6E916177590}.Release|Any CPU.Build.0 = Release|Any CPU
		{14B9D422-7E9A-4DFC-9B23-A6E916177590}.Release|x64.ActiveCfg = Release|Any CPU
		{14B9D422-7E9A-4DFC-9B23-A6E916177590}.Release|x64.Build.0 = Release|Any CPU
	EndGlobalSection
	GlobalSection(SolutionProperties) = preSolution
		HideSolutionNode = FALSE
	EndGlobalSection
	GlobalSection(NestedProjects) = preSolution
		{00E89979-CC4B-4FDE-9677-27BE19105636} = {5941055C-D2E9-4640-A78B-C5B349AE6F84}
	EndGlobalSection
	GlobalSection(ExtensibilityGlobals) = postSolution
		SolutionGuid = {4DE13B24-69A5-43A9-8C14-702D3B2DEB39}
		RESX_NeutralResourcesLanguage = en-GB
		RESX_ExcelExportMode = SingleSheet
		RESX_SortFileContentOnSave = True
		RESX_ShowErrorsInErrorList = True
		RESX_TaskErrorCategory = Message
	EndGlobalSection
EndGlobal
